
Microsoft Visual Studio Solution File, Format Version 12.00
# Visual Studio Version 16
VisualStudioVersion = 25.0.1700.0
MinimumVisualStudioVersion = 10.0.40219.1
Project("{FAE04EC0-301F-11D3-BF4B-00C04F79EFBC}") = "flyDistance", "flyDistance\flyDistance.csproj", "{AF5E1259-8496-4C52-93CB-19E23E295A91}"
EndProject
Global
	GlobalSection(SolutionConfigurationPlatforms) = preSolution
		Debug|Any CPU = Debug|Any CPU
		Release|Any CPU = Release|Any CPU
	EndGlobalSection
	GlobalSection(ProjectConfigurationPlatforms) = postSolution
		{AF5E1259-8496-4C52-93CB-19E23E295A91}.Debug|Any CPU.ActiveCfg = Debug|Any CPU
		{AF5E1259-8496-4C52-93CB-19E23E295A91}.Debug|Any CPU.Build.0 = Debug|Any CPU
		{AF5E1259-8496-4C52-93CB-19E23E295A91}.Release|Any CPU.ActiveCfg = Release|Any CPU
		{AF5E1259-8496-4C52-93CB-19E23E295A91}.Release|Any CPU.Build.0 = Release|Any CPU
	EndGlobalSection
	GlobalSection(SolutionProperties) = preSolution
		HideSolutionNode = FALSE
	EndGlobalSection
	GlobalSection(ExtensibilityGlobals) = postSolution
		SolutionGuid = {A27BBDDE-6D9D-4355-B243-2261743FDC9D}
	EndGlobalSection
EndGlobal
